
Microsoft Visual Studio Solution File, Format Version 12.00
# Visual Studio 15
Project("{FAE04EC0-301F-11D3-BF4B-00C04F79EFBC}") = "Assembly-CSharp", "Assembly-CSharp.csproj", "{70080B24-CAC2-A8A0-F135-1FCCC9AF9696}"
EndProject
Project("{FAE04EC0-301F-11D3-BF4B-00C04F79EFBC}") = "Assembly-CSharp-Editor", "Assembly-CSharp-Editor.csproj", "{BD357907-0E96-7918-93B7-A96AFDC533BD}"
EndProject
Global
	GlobalSection(SolutionConfigurationPlatforms) = preSolution
		Debug|Any CPU = Debug|Any CPU
		Release|Any CPU = Release|Any CPU
	EndGlobalSection
	GlobalSection(ProjectConfigurationPlatforms) = postSolution
		{70080B24-CAC2-A8A0-F135-1FCCC9AF9696}.Debug|Any CPU.ActiveCfg = Debug|Any CPU
		{70080B24-CAC2-A8A0-F135-1FCCC9AF9696}.Debug|Any CPU.Build.0 = Debug|Any CPU
		{70080B24-CAC2-A8A0-F135-1FCCC9AF9696}.Release|Any CPU.ActiveCfg = Release|Any CPU
		{70080B24-CAC2-A8A0-F135-1FCCC9AF9696}.Release|Any CPU.Build.0 = Release|Any CPU
		{BD357907-0E96-7918-93B7-A96AFDC533BD}.Debug|Any CPU.ActiveCfg = Debug|Any CPU
		{BD357907-0E96-7918-93B7-A96AFDC533BD}.Debug|Any CPU.Build.0 = Debug|Any CPU
		{BD357907-0E96-7918-93B7-A96AFDC533BD}.Release|Any CPU.ActiveCfg = Release|Any CPU
		{BD357907-0E96-7918-93B7-A96AFDC533BD}.Release|Any CPU.Build.0 = Release|Any CPU
	EndGlobalSection
	GlobalSection(SolutionProperties) = preSolution
		HideSolutionNode = FALSE
	EndGlobalSection
EndGlobal
